
Microsoft Visual Studio Solution File, Format Version 12.00
# Visual Studio Version 17
VisualStudioVersion = 17.8.34511.84
MinimumVisualStudioVersion = 10.0.40219.1
Project("{FAE04EC0-301F-11D3-BF4B-00C04F79EFBC}") = "Webbanhang", "Webbanhang\Webbanhang.csproj", "{BC825119-2662-4722-9435-3E04DF6CB22D}"
EndProject
Global
	GlobalSection(SolutionConfigurationPlatforms) = preSolution
		Debug|Any CPU = Debug|Any CPU
		Release|Any CPU = Release|Any CPU
	EndGlobalSection
	GlobalSection(ProjectConfigurationPlatforms) = postSolution
		{BC825119-2662-4722-9435-3E04DF6CB22D}.Debug|Any CPU.ActiveCfg = Debug|Any CPU
		{BC825119-2662-4722-9435-3E04DF6CB22D}.Debug|Any CPU.Build.0 = Debug|Any CPU
		{BC825119-2662-4722-9435-3E04DF6CB22D}.Release|Any CPU.ActiveCfg = Release|Any CPU
		{BC825119-2662-4722-9435-3E04DF6CB22D}.Release|Any CPU.Build.0 = Release|Any CPU
	EndGlobalSection
	GlobalSection(SolutionProperties) = preSolution
		HideSolutionNode = FALSE
	EndGlobalSection
	GlobalSection(ExtensibilityGlobals) = postSolution
		SolutionGuid = {2BF28212-6D2B-4E2C-A730-8A9A20335CF3}
	EndGlobalSection
EndGlobal
